
Microsoft Visual Studio Solution File, Format Version 12.00
# Visual Studio Version 17
VisualStudioVersion = 17.9.34728.123
MinimumVisualStudioVersion = 10.0.40219.1
Project("{9A19103F-16F7-4668-BE54-9A1E7A4F7556}") = "Producer", "Producer\Producer.csproj", "{74076E65-D462-4A3F-9475-868D6252E613}"
EndProject
Project("{9A19103F-16F7-4668-BE54-9A1E7A4F7556}") = "ConsumerA", "ConsumerA\ConsumerA.csproj", "{BE41E4C6-DB03-4A84-8DB0-923F088C5EC1}"
EndProject
Project("{FAE04EC0-301F-11D3-BF4B-00C04F79EFBC}") = "ConsumerB", "ConsumerB\ConsumerB.csproj", "{665FEB9B-D3CD-403C-8400-C221B4EA24E6}"
EndProject
Project("{FAE04EC0-301F-11D3-BF4B-00C04F79EFBC}") = "ConsumerC", "ConsumerC\ConsumerC.csproj", "{3FB6B36C-BB0E-4FA0-B71E-5217C15A0A53}"
EndProject
Global
	GlobalSection(SolutionConfigurationPlatforms) = preSolution
		Debug|Any CPU = Debug|Any CPU
		Release|Any CPU = Release|Any CPU
	EndGlobalSection
	GlobalSection(ProjectConfigurationPlatforms) = postSolution
		{74076E65-D462-4A3F-9475-868D6252E613}.Debug|Any CPU.ActiveCfg = Debug|Any CPU
		{74076E65-D462-4A3F-9475-868D6252E613}.Debug|Any CPU.Build.0 = Debug|Any CPU
		{74076E65-D462-4A3F-9475-868D6252E613}.Release|Any CPU.ActiveCfg = Release|Any CPU
		{74076E65-D462-4A3F-9475-868D6252E613}.Release|Any CPU.Build.0 = Release|Any CPU
		{BE41E4C6-DB03-4A84-8DB0-923F088C5EC1}.Debug|Any CPU.ActiveCfg = Debug|Any CPU
		{BE41E4C6-DB03-4A84-8DB0-923F088C5EC1}.Debug|Any CPU.Build.0 = Debug|Any CPU
		{BE41E4C6-DB03-4A84-8DB0-923F088C5EC1}.Release|Any CPU.ActiveCfg = Release|Any CPU
		{BE41E4C6-DB03-4A84-8DB0-923F088C5EC1}.Release|Any CPU.Build.0 = Release|Any CPU
		{665FEB9B-D3CD-403C-8400-C221B4EA24E6}.Debug|Any CPU.ActiveCfg = Debug|Any CPU
		{665FEB9B-D3CD-403C-8400-C221B4EA24E6}.Debug|Any CPU.Build.0 = Debug|Any CPU
		{665FEB9B-D3CD-403C-8400-C221B4EA24E6}.Release|Any CPU.ActiveCfg = Release|Any CPU
		{665FEB9B-D3CD-403C-8400-C221B4EA24E6}.Release|Any CPU.Build.0 = Release|Any CPU
		{3FB6B36C-BB0E-4FA0-B71E-5217C15A0A53}.Debug|Any CPU.ActiveCfg = Debug|Any CPU
		{3FB6B36C-BB0E-4FA0-B71E-5217C15A0A53}.Debug|Any CPU.Build.0 = Debug|Any CPU
		{3FB6B36C-BB0E-4FA0-B71E-5217C15A0A53}.Release|Any CPU.ActiveCfg = Release|Any CPU
		{3FB6B36C-BB0E-4FA0-B71E-5217C15A0A53}.Release|Any CPU.Build.0 = Release|Any CPU
	EndGlobalSection
	GlobalSection(SolutionProperties) = preSolution
		HideSolutionNode = FALSE
	EndGlobalSection
	GlobalSection(ExtensibilityGlobals) = postSolution
		SolutionGuid = {9FEB1F41-31E2-4BEE-90D4-74D4C8CC326C}
	EndGlobalSection
EndGlobal
